
Microsoft Visual Studio Solution File, Format Version 12.00
# Visual Studio Version 17
VisualStudioVersion = 17.2.32616.157
MinimumVisualStudioVersion = 10.0.40219.1
Project("{54A90642-561A-4BB1-A94E-469ADEE60C69}") = "React-frontend", "React-frontend\React-frontend.esproj", "{0539F669-8698-4FCB-8D91-1EA525285F55}"
EndProject
Project("{2150E333-8FDC-42A3-9474-1A3956D46DE8}") = "Solution Items", "Solution Items", "{F184317E-7CC6-4504-B9A5-BB42B49F5458}"
	ProjectSection(SolutionItems) = preProject
		.editorconfig = .editorconfig
	EndProjectSection
EndProject
Project("{E53339B2-1760-4266-BCC7-CA923CBCF16C}") = "docker-compose", "docker-compose.dcproj", "{5BDD9A3B-4405-4C20-B547-487E03E4048C}"
EndProject
Project("{9A19103F-16F7-4668-BE54-9A1E7A4F7556}") = "Asp-backend", "Asp-backend\Asp-backend.csproj", "{B086F84D-9324-4927-BC7C-5E7DEB77CCF1}"
EndProject
Global
	GlobalSection(SolutionConfigurationPlatforms) = preSolution
		Debug|Any CPU = Debug|Any CPU
		Release|Any CPU = Release|Any CPU
	EndGlobalSection
	GlobalSection(ProjectConfigurationPlatforms) = postSolution
		{0539F669-8698-4FCB-8D91-1EA525285F55}.Debug|Any CPU.ActiveCfg = Debug|Any CPU
		{0539F669-8698-4FCB-8D91-1EA525285F55}.Debug|Any CPU.Build.0 = Debug|Any CPU
		{0539F669-8698-4FCB-8D91-1EA525285F55}.Debug|Any CPU.Deploy.0 = Debug|Any CPU
		{0539F669-8698-4FCB-8D91-1EA525285F55}.Release|Any CPU.ActiveCfg = Release|Any CPU
		{0539F669-8698-4FCB-8D91-1EA525285F55}.Release|Any CPU.Build.0 = Release|Any CPU
		{0539F669-8698-4FCB-8D91-1EA525285F55}.Release|Any CPU.Deploy.0 = Release|Any CPU
		{5BDD9A3B-4405-4C20-B547-487E03E4048C}.Debug|Any CPU.ActiveCfg = Debug|Any CPU
		{5BDD9A3B-4405-4C20-B547-487E03E4048C}.Debug|Any CPU.Build.0 = Debug|Any CPU
		{5BDD9A3B-4405-4C20-B547-487E03E4048C}.Release|Any CPU.ActiveCfg = Release|Any CPU
		{5BDD9A3B-4405-4C20-B547-487E03E4048C}.Release|Any CPU.Build.0 = Release|Any CPU
		{B086F84D-9324-4927-BC7C-5E7DEB77CCF1}.Debug|Any CPU.ActiveCfg = Debug|Any CPU
		{B086F84D-9324-4927-BC7C-5E7DEB77CCF1}.Debug|Any CPU.Build.0 = Debug|Any CPU
		{B086F84D-9324-4927-BC7C-5E7DEB77CCF1}.Release|Any CPU.ActiveCfg = Release|Any CPU
		{B086F84D-9324-4927-BC7C-5E7DEB77CCF1}.Release|Any CPU.Build.0 = Release|Any CPU
	EndGlobalSection
	GlobalSection(SolutionProperties) = preSolution
		HideSolutionNode = FALSE
	EndGlobalSection
	GlobalSection(ExtensibilityGlobals) = postSolution
		SolutionGuid = {0FBA4740-637D-48B3-AC29-48384409E094}
	EndGlobalSection
EndGlobal
